// !$*UTF8*$!
{
	archiveVersion = 1;
	classes = {
	};
	objectVersion = 46;
	objects = {

/* Begin PBXBuildFile section */
		666C70AA1F07C7EB003A8B8F /* JQProgressHUDTool.swift in Sources */ = {isa = PBXBuildFile; fileRef = 666C70A91F07C7EB003A8B8F /* JQProgressHUDTool.swift */; };
		666C70AC1F07DB12003A8B8F /* JQProgressHUDLabel.swift in Sources */ = {isa = PBXBuildFile; fileRef = 666C70AB1F07DB12003A8B8F /* JQProgressHUDLabel.swift */; };
		666C70AE1F07F20C003A8B8F /* JQHUDString-Extension.swift in Sources */ = {isa = PBXBuildFile; fileRef = 666C70AD1F07F20C003A8B8F /* JQHUDString-Extension.swift */; };
		666C70B01F08299E003A8B8F /* JQWeakTimerObject.swift in Sources */ = {isa = PBXBuildFile; fileRef = 666C70AF1F08299E003A8B8F /* JQWeakTimerObject.swift */; };
		66B6A3CA1F0699AA00B0CE47 /* AppDelegate.swift in Sources */ = {isa = PBXBuildFile; fileRef = 66B6A3C91F0699AA00B0CE47 /* AppDelegate.swift */; };
		66B6A3CC1F0699AA00B0CE47 /* ViewController.swift in Sources */ = {isa = PBXBuildFile; fileRef = 66B6A3CB1F0699AA00B0CE47 /* ViewController.swift */; };
		66B6A3CF1F0699AA00B0CE47 /* Main.storyboard in Resources */ = {isa = PBXBuildFile; fileRef = 66B6A3CD1F0699AA00B0CE47 /* Main.storyboard */; };
		66B6A3D11F0699AA00B0CE47 /* Assets.xcassets in Resources */ = {isa = PBXBuildFile; fileRef = 66B6A3D01F0699AA00B0CE47 /* Assets.xcassets */; };
		66B6A3D41F0699AA00B0CE47 /* LaunchScreen.storyboard in Resources */ = {isa = PBXBuildFile; fileRef = 66B6A3D21F0699AA00B0CE47 /* LaunchScreen.storyboard */; };
		66B6A3DF1F0699AA00B0CE47 /* JQProgressHUDTests.swift in Sources */ = {isa = PBXBuildFile; fileRef = 66B6A3DE1F0699AA00B0CE47 /* JQProgressHUDTests.swift */; };
		66B6A3EA1F0699AA00B0CE47 /* JQProgressHUDUITests.swift in Sources */ = {isa = PBXBuildFile; fileRef = 66B6A3E91F0699AA00B0CE47 /* JQProgressHUDUITests.swift */; };
		66B6A3F91F069A2C00B0CE47 /* JQProgressHUD.swift in Sources */ = {isa = PBXBuildFile; fileRef = 66B6A3F81F069A2C00B0CE47 /* JQProgressHUD.swift */; };
/* End PBXBuildFile section */

/* Begin PBXContainerItemProxy section */
		66B6A3DB1F0699AA00B0CE47 /* PBXContainerItemProxy */ = {
			isa = PBXContainerItemProxy;
			containerPortal = 66B6A3BE1F0699AA00B0CE47 /* Project object */;
			proxyType = 1;
			remoteGlobalIDString = 66B6A3C51F0699AA00B0CE47;
			remoteInfo = JQProgressHUD;
		};
		66B6A3E61F0699AA00B0CE47 /* PBXContainerItemProxy */ = {
			isa = PBXContainerItemProxy;
			containerPortal = 66B6A3BE1F0699AA00B0CE47 /* Project object */;
			proxyType = 1;
			remoteGlobalIDString = 66B6A3C51F0699AA00B0CE47;
			remoteInfo = JQProgressHUD;
		};
/* End PBXContainerItemProxy section */

/* Begin PBXCopyFilesBuildPhase section */
		669FD6D61F09251B00821C51 /* Embed Frameworks */ = {
			isa = PBXCopyFilesBuildPhase;
			buildActionMask = 2147483647;
			dstPath = "";
			dstSubfolderSpec = 10;
			files = (
			);
			name = "Embed Frameworks";
			runOnlyForDeploymentPostprocessing = 0;
		};
/* End PBXCopyFilesBuildPhase section */

/* Begin PBXFileReference section */
		666C70A91F07C7EB003A8B8F /* JQProgressHUDTool.swift */ = {isa = PBXFileReference; fileEncoding = 4; lastKnownFileType = sourcecode.swift; path = JQProgressHUDTool.swift; sourceTree = "<group>"; };
		666C70AB1F07DB12003A8B8F /* JQProgressHUDLabel.swift */ = {isa = PBXFileReference; fileEncoding = 4; lastKnownFileType = sourcecode.swift; path = JQProgressHUDLabel.swift; sourceTree = "<group>"; };
		666C70AD1F07F20C003A8B8F /* JQHUDString-Extension.swift */ = {isa = PBXFileReference; fileEncoding = 4; lastKnownFileType = sourcecode.swift; path = "JQHUDString-Extension.swift"; sourceTree = "<group>"; };
		666C70AF1F08299E003A8B8F /* JQWeakTimerObject.swift */ = {isa = PBXFileReference; fileEncoding = 4; lastKnownFileType = sourcecode.swift; path = JQWeakTimerObject.swift; sourceTree = "<group>"; };
		669FD6C21F09251A00821C51 /* JQProgressHUDIOS.h */ = {isa = PBXFileReference; lastKnownFileType = sourcecode.c.h; path = JQProgressHUDIOS.h; sourceTree = "<group>"; };
		669FD6C31F09251A00821C51 /* Info.plist */ = {isa = PBXFileReference; lastKnownFileType = text.plist.xml; path = Info.plist; sourceTree = "<group>"; };
		669FD6CF1F09251B00821C51 /* JQProgressHUDIOSTests.swift */ = {isa = PBXFileReference; lastKnownFileType = sourcecode.swift; path = JQProgressHUDIOSTests.swift; sourceTree = "<group>"; };
		669FD6D11F09251B00821C51 /* Info.plist */ = {isa = PBXFileReference; lastKnownFileType = text.plist.xml; path = Info.plist; sourceTree = "<group>"; };
		66B6A3C61F0699AA00B0CE47 /* JQProgressHUD.app */ = {isa = PBXFileReference; explicitFileType = wrapper.application; includeInIndex = 0; path = JQProgressHUD.app; sourceTree = BUILT_PRODUCTS_DIR; };
		66B6A3C91F0699AA00B0CE47 /* AppDelegate.swift */ = {isa = PBXFileReference; lastKnownFileType = sourcecode.swift; path = AppDelegate.swift; sourceTree = "<group>"; };
		66B6A3CB1F0699AA00B0CE47 /* ViewController.swift */ = {isa = PBXFileReference; lastKnownFileType = sourcecode.swift; path = ViewController.swift; sourceTree = "<group>"; };
		66B6A3CE1F0699AA00B0CE47 /* Base */ = {isa = PBXFileReference; lastKnownFileType = file.storyboard; name = Base; path = Base.lproj/Main.storyboard; sourceTree = "<group>"; };
		66B6A3D01F0699AA00B0CE47 /* Assets.xcassets */ = {isa = PBXFileReference; lastKnownFileType = folder.assetcatalog; path = Assets.xcassets; sourceTree = "<group>"; };
		66B6A3D31F0699AA00B0CE47 /* Base */ = {isa = PBXFileReference; lastKnownFileType = file.storyboard; name = Base; path = Base.lproj/LaunchScreen.storyboard; sourceTree = "<group>"; };
		66B6A3D51F0699AA00B0CE47 /* Info.plist */ = {isa = PBXFileReference; lastKnownFileType = text.plist.xml; path = Info.plist; sourceTree = "<group>"; };
		66B6A3DA1F0699AA00B0CE47 /* JQProgressHUDTests.xctest */ = {isa = PBXFileReference; explicitFileType = wrapper.cfbundle; includeInIndex = 0; path = JQProgressHUDTests.xctest; sourceTree = BUILT_PRODUCTS_DIR; };
		66B6A3DE1F0699AA00B0CE47 /* JQProgressHUDTests.swift */ = {isa = PBXFileReference; lastKnownFileType = sourcecode.swift; path = JQProgressHUDTests.swift; sourceTree = "<group>"; };
		66B6A3E01F0699AA00B0CE47 /* Info.plist */ = {isa = PBXFileReference; lastKnownFileType = text.plist.xml; path = Info.plist; sourceTree = "<group>"; };
		66B6A3E51F0699AA00B0CE47 /* JQProgressHUDUITests.xctest */ = {isa = PBXFileReference; explicitFileType = wrapper.cfbundle; includeInIndex = 0; path = JQProgressHUDUITests.xctest; sourceTree = BUILT_PRODUCTS_DIR; };
		66B6A3E91F0699AA00B0CE47 /* JQProgressHUDUITests.swift */ = {isa = PBXFileReference; lastKnownFileType = sourcecode.swift; path = JQProgressHUDUITests.swift; sourceTree = "<group>"; };
		66B6A3EB1F0699AA00B0CE47 /* Info.plist */ = {isa = PBXFileReference; lastKnownFileType = text.plist.xml; path = Info.plist; sourceTree = "<group>"; };
		66B6A3F81F069A2C00B0CE47 /* JQProgressHUD.swift */ = {isa = PBXFileReference; fileEncoding = 4; lastKnownFileType = sourcecode.swift; path = JQProgressHUD.swift; sourceTree = "<group>"; };
/* End PBXFileReference section */

/* Begin PBXFrameworksBuildPhase section */
		66B6A3C31F0699AA00B0CE47 /* Frameworks */ = {
			isa = PBXFrameworksBuildPhase;
			buildActionMask = 2147483647;
			files = (
			);
			runOnlyForDeploymentPostprocessing = 0;
		};
		66B6A3D71F0699AA00B0CE47 /* Frameworks */ = {
			isa = PBXFrameworksBuildPhase;
			buildActionMask = 2147483647;
			files = (
			);
			runOnlyForDeploymentPostprocessing = 0;
		};
		66B6A3E21F0699AA00B0CE47 /* Frameworks */ = {
			isa = PBXFrameworksBuildPhase;
			buildActionMask = 2147483647;
			files = (
			);
			runOnlyForDeploymentPostprocessing = 0;
		};
/* End PBXFrameworksBuildPhase section */

/* Begin PBXGroup section */
		669FD6C11F09251A00821C51 /* JQProgressHUDIOS */ = {
			isa = PBXGroup;
			children = (
				669FD6C21F09251A00821C51 /* JQProgressHUDIOS.h */,
				669FD6C31F09251A00821C51 /* Info.plist */,
			);
			path = JQProgressHUDIOS;
			sourceTree = "<group>";
		};
		669FD6CE1F09251B00821C51 /* JQProgressHUDIOSTests */ = {
			isa = PBXGroup;
			children = (
				669FD6CF1F09251B00821C51 /* JQProgressHUDIOSTests.swift */,
				669FD6D11F09251B00821C51 /* Info.plist */,
			);
			path = JQProgressHUDIOSTests;
			sourceTree = "<group>";
		};
		66B6A3BD1F0699AA00B0CE47 = {
			isa = PBXGroup;
			children = (
				66B6A3C81F0699AA00B0CE47 /* JQProgressHUD */,
				66B6A3DD1F0699AA00B0CE47 /* JQProgressHUDTests */,
				66B6A3E81F0699AA00B0CE47 /* JQProgressHUDUITests */,
				669FD6C11F09251A00821C51 /* JQProgressHUDIOS */,
				669FD6CE1F09251B00821C51 /* JQProgressHUDIOSTests */,
				66B6A3C71F0699AA00B0CE47 /* Products */,
			);
			sourceTree = "<group>";
		};
		66B6A3C71F0699AA00B0CE47 /* Products */ = {
			isa = PBXGroup;
			children = (
				66B6A3C61F0699AA00B0CE47 /* JQProgressHUD.app */,
				66B6A3DA1F0699AA00B0CE47 /* JQProgressHUDTests.xctest */,
				66B6A3E51F0699AA00B0CE47 /* JQProgressHUDUITests.xctest */,
			);
			name = Products;
			sourceTree = "<group>";
		};
		66B6A3C81F0699AA00B0CE47 /* JQProgressHUD */ = {
			isa = PBXGroup;
			children = (
				66B6A3F71F0699CD00B0CE47 /* JQProgressHUD */,
				66B6A3C91F0699AA00B0CE47 /* AppDelegate.swift */,
				66B6A3CB1F0699AA00B0CE47 /* ViewController.swift */,
				66B6A3CD1F0699AA00B0CE47 /* Main.storyboard */,
				66B6A3D01F0699AA00B0CE47 /* Assets.xcassets */,
				66B6A3D21F0699AA00B0CE47 /* LaunchScreen.storyboard */,
				66B6A3D51F0699AA00B0CE47 /* Info.plist */,
			);
			path = JQProgressHUD;
			sourceTree = "<group>";
		};
		66B6A3DD1F0699AA00B0CE47 /* JQProgressHUDTests */ = {
			isa = PBXGroup;
			children = (
				66B6A3DE1F0699AA00B0CE47 /* JQProgressHUDTests.swift */,
				66B6A3E01F0699AA00B0CE47 /* Info.plist */,
			);
			path = JQProgressHUDTests;
			sourceTree = "<group>";
		};
		66B6A3E81F0699AA00B0CE47 /* JQProgressHUDUITests */ = {
			isa = PBXGroup;
			children = (
				66B6A3E91F0699AA00B0CE47 /* JQProgressHUDUITests.swift */,
				66B6A3EB1F0699AA00B0CE47 /* Info.plist */,
			);
			path = JQProgressHUDUITests;
			sourceTree = "<group>";
		};
		66B6A3F71F0699CD00B0CE47 /* JQProgressHUD */ = {
			isa = PBXGroup;
			children = (
				66B6A3F81F069A2C00B0CE47 /* JQProgressHUD.swift */,
				666C70A91F07C7EB003A8B8F /* JQProgressHUDTool.swift */,
				666C70AB1F07DB12003A8B8F /* JQProgressHUDLabel.swift */,
				666C70AD1F07F20C003A8B8F /* JQHUDString-Extension.swift */,
				666C70AF1F08299E003A8B8F /* JQWeakTimerObject.swift */,
			);
			path = JQProgressHUD;
			sourceTree = "<group>";
		};
/* End PBXGroup section */

/* Begin PBXNativeTarget section */
		66B6A3C51F0699AA00B0CE47 /* JQProgressHUD */ = {
			isa = PBXNativeTarget;
			buildConfigurationList = 66B6A3EE1F0699AA00B0CE47 /* Build configuration list for PBXNativeTarget "JQProgressHUD" */;
			buildPhases = (
				66B6A3C21F0699AA00B0CE47 /* Sources */,
				66B6A3C31F0699AA00B0CE47 /* Frameworks */,
				66B6A3C41F0699AA00B0CE47 /* Resources */,
				669FD6D61F09251B00821C51 /* Embed Frameworks */,
			);
			buildRules = (
			);
			dependencies = (
			);
			name = JQProgressHUD;
			productName = JQProgressHUD;
			productReference = 66B6A3C61F0699AA00B0CE47 /* JQProgressHUD.app */;
			productType = "com.apple.product-type.application";
		};
		66B6A3D91F0699AA00B0CE47 /* JQProgressHUDTests */ = {
			isa = PBXNativeTarget;
			buildConfigurationList = 66B6A3F11F0699AA00B0CE47 /* Build configuration list for PBXNativeTarget "JQProgressHUDTests" */;
			buildPhases = (
				66B6A3D61F0699AA00B0CE47 /* Sources */,
				66B6A3D71F0699AA00B0CE47 /* Frameworks */,
				66B6A3D81F0699AA00B0CE47 /* Resources */,
			);
			buildRules = (
			);
			dependencies = (
				66B6A3DC1F0699AA00B0CE47 /* PBXTargetDependency */,
			);
			name = JQProgressHUDTests;
			productName = JQProgressHUDTests;
			productReference = 66B6A3DA1F0699AA00B0CE47 /* JQProgressHUDTests.xctest */;
			productType = "com.apple.product-type.bundle.unit-test";
		};
		66B6A3E41F0699AA00B0CE47 /* JQProgressHUDUITests */ = {
			isa = PBXNativeTarget;
			buildConfigurationList = 66B6A3F41F0699AA00B0CE47 /* Build configuration list for PBXNativeTarget "JQProgressHUDUITests" */;
			buildPhases = (
				66B6A3E11F0699AA00B0CE47 /* Sources */,
				66B6A3E21F0699AA00B0CE47 /* Frameworks */,
				66B6A3E31F0699AA00B0CE47 /* Resources */,
			);
			buildRules = (
			);
			dependencies = (
				66B6A3E71F0699AA00B0CE47 /* PBXTargetDependency */,
			);
			name = JQProgressHUDUITests;
			productName = JQProgressHUDUITests;
			productReference = 66B6A3E51F0699AA00B0CE47 /* JQProgressHUDUITests.xctest */;
			productType = "com.apple.product-type.bundle.ui-testing";
		};
/* End PBXNativeTarget section */

/* Begin PBXProject section */
		66B6A3BE1F0699AA00B0CE47 /* Project object */ = {
			isa = PBXProject;
			attributes = {
				LastSwiftUpdateCheck = 0830;
				LastUpgradeCheck = 0830;
				ORGANIZATIONNAME = HJQ;
				TargetAttributes = {
					66B6A3C51F0699AA00B0CE47 = {
						CreatedOnToolsVersion = 8.3.3;
						DevelopmentTeam = 9Z4ZJ5K368;
						ProvisioningStyle = Automatic;
					};
					66B6A3D91F0699AA00B0CE47 = {
						CreatedOnToolsVersion = 8.3.3;
						ProvisioningStyle = Automatic;
						TestTargetID = 66B6A3C51F0699AA00B0CE47;
					};
					66B6A3E41F0699AA00B0CE47 = {
						CreatedOnToolsVersion = 8.3.3;
						ProvisioningStyle = Automatic;
						TestTargetID = 66B6A3C51F0699AA00B0CE47;
					};
				};
			};
			buildConfigurationList = 66B6A3C11F0699AA00B0CE47 /* Build configuration list for PBXProject "JQProgressHUD" */;
			compatibilityVersion = "Xcode 3.2";
			developmentRegion = English;
			hasScannedForEncodings = 0;
			knownRegions = (
				en,
				Base,
			);
			mainGroup = 66B6A3BD1F0699AA00B0CE47;
			productRefGroup = 66B6A3C71F0699AA00B0CE47 /* Products */;
			projectDirPath = "";
			projectRoot = "";
			targets = (
				66B6A3C51F0699AA00B0CE47 /* JQProgressHUD */,
				66B6A3D91F0699AA00B0CE47 /* JQProgressHUDTests */,
				66B6A3E41F0699AA00B0CE47 /* JQProgressHUDUITests */,
			);
		};
/* End PBXProject section */

/* Begin PBXResourcesBuildPhase section */
		66B6A3C41F0699AA00B0CE47 /* Resources */ = {
			isa = PBXResourcesBuildPhase;
			buildActionMask = 2147483647;
			files = (
				66B6A3D41F0699AA00B0CE47 /* LaunchScreen.storyboard in Resources */,
				66B6A3D11F0699AA00B0CE47 /* Assets.xcassets in Resources */,
				66B6A3CF1F0699AA00B0CE47 /* Main.storyboard in Resources */,
			);
			runOnlyForDeploymentPostprocessing = 0;
		};
		66B6A3D81F0699AA00B0CE47 /* Resources */ = {
			isa = PBXResourcesBuildPhase;
			buildActionMask = 2147483647;
			files = (
			);
			runOnlyForDeploymentPostprocessing = 0;
		};
		66B6A3E31F0699AA00B0CE47 /* Resources */ = {
			isa = PBXResourcesBuildPhase;
			buildActionMask = 2147483647;
			files = (
			);
			runOnlyForDeploymentPostprocessing = 0;
		};
/* End PBXResourcesBuildPhase section */

/* Begin PBXSourcesBuildPhase section */
		66B6A3C21F0699AA00B0CE47 /* Sources */ = {
			isa = PBXSourcesBuildPhase;
			buildActionMask = 2147483647;
			files = (
				666C70AA1F07C7EB003A8B8F /* JQProgressHUDTool.swift in Sources */,
				666C70AE1F07F20C003A8B8F /* JQHUDString-Extension.swift in Sources */,
				66B6A3F91F069A2C00B0CE47 /* JQProgressHUD.swift in Sources */,
				66B6A3CC1F0699AA00B0CE47 /* ViewController.swift in Sources */,
				666C70B01F08299E003A8B8F /* JQWeakTimerObject.swift in Sources */,
				666C70AC1F07DB12003A8B8F /* JQProgressHUDLabel.swift in Sources */,
				66B6A3CA1F0699AA00B0CE47 /* AppDelegate.swift in Sources */,
			);
			runOnlyForDeploymentPostprocessing = 0;
		};
		66B6A3D61F0699AA00B0CE47 /* Sources */ = {
			isa = PBXSourcesBuildPhase;
			buildActionMask = 2147483647;
			files = (
				66B6A3DF1F0699AA00B0CE47 /* JQProgressHUDTests.swift in Sources */,
			);
			runOnlyForDeploymentPostprocessing = 0;
		};
		66B6A3E11F0699AA00B0CE47 /* Sources */ = {
			isa = PBXSourcesBuildPhase;
			buildActionMask = 2147483647;
			files = (
				66B6A3EA1F0699AA00B0CE47 /* JQProgressHUDUITests.swift in Sources */,
			);
			runOnlyForDeploymentPostprocessing = 0;
		};
/* End PBXSourcesBuildPhase section */

/* Begin PBXTargetDependency section */
		66B6A3DC1F0699AA00B0CE47 /* PBXTargetDependency */ = {
			isa = PBXTargetDependency;
			target = 66B6A3C51F0699AA00B0CE47 /* JQProgressHUD */;
			targetProxy = 66B6A3DB1F0699AA00B0CE47 /* PBXContainerItemProxy */;
		};
		66B6A3E71F0699AA00B0CE47 /* PBXTargetDependency */ = {
			isa = PBXTargetDependency;
			target = 66B6A3C51F0699AA00B0CE47 /* JQProgressHUD */;
			targetProxy = 66B6A3E61F0699AA00B0CE47 /* PBXContainerItemProxy */;
		};
/* End PBXTargetDependency section */

/* Begin PBXVariantGroup section */
		66B6A3CD1F0699AA00B0CE47 /* Main.storyboard */ = {
			isa = PBXVariantGroup;
			children = (
				66B6A3CE1F0699AA00B0CE47 /* Base */,
			);
			name = Main.storyboard;
			sourceTree = "<group>";
		};
		66B6A3D21F0699AA00B0CE47 /* LaunchScreen.storyboard */ = {
			isa = PBXVariantGroup;
			children = (
				66B6A3D31F0699AA00B0CE47 /* Base */,
			);
			name = LaunchScreen.storyboard;
			sourceTree = "<group>";
		};
/* End PBXVariantGroup section */

/* Begin XCBuildConfiguration section */
		66B6A3EC1F0699AA00B0CE47 /* Debug */ = {
			isa = XCBuildConfiguration;
			buildSettings = {
				ALWAYS_SEARCH_USER_PATHS = NO;
				CLANG_ANALYZER_NONNULL = YES;
				CLANG_ANALYZER_NUMBER_OBJECT_CONVERSION = YES_AGGRESSIVE;
				CLANG_CXX_LANGUAGE_STANDARD = "gnu++0x";
				CLANG_CXX_LIBRARY = "libc++";
				CLANG_ENABLE_MODULES = YES;
				CLANG_ENABLE_OBJC_ARC = YES;
				CLANG_WARN_BOOL_CONVERSION = YES;
				CLANG_WARN_CONSTANT_CONVERSION = YES;
				CLANG_WARN_DIRECT_OBJC_ISA_USAGE = YES_ERROR;
				CLANG_WARN_DOCUMENTATION_COMMENTS = YES;
				CLANG_WARN_EMPTY_BODY = YES;
				CLANG_WARN_ENUM_CONVERSION = YES;
				CLANG_WARN_INFINITE_RECURSION = YES;
				CLANG_WARN_INT_CONVERSION = YES;
				CLANG_WARN_OBJC_ROOT_CLASS = YES_ERROR;
				CLANG_WARN_SUSPICIOUS_MOVE = YES;
				CLANG_WARN_UNREACHABLE_CODE = YES;
				CLANG_WARN__DUPLICATE_METHOD_MATCH = YES;
				"CODE_SIGN_IDENTITY[sdk=iphoneos*]" = "iPhone Developer";
				COPY_PHASE_STRIP = NO;
				DEBUG_INFORMATION_FORMAT = dwarf;
				ENABLE_STRICT_OBJC_MSGSEND = YES;
				ENABLE_TESTABILITY = YES;
				GCC_C_LANGUAGE_STANDARD = gnu99;
				GCC_DYNAMIC_NO_PIC = NO;
				GCC_NO_COMMON_BLOCKS = YES;
				GCC_OPTIMIZATION_LEVEL = 0;
				GCC_PREPROCESSOR_DEFINITIONS = (
					"DEBUG=1",
					"$(inherited)",
				);
				GCC_WARN_64_TO_32_BIT_CONVERSION = YES;
				GCC_WARN_ABOUT_RETURN_TYPE = YES_ERROR;
				GCC_WARN_UNDECLARED_SELECTOR = YES;
				GCC_WARN_UNINITIALIZED_AUTOS = YES_AGGRESSIVE;
				GCC_WARN_UNUSED_FUNCTION = YES;
				GCC_WARN_UNUSED_VARIABLE = YES;
				IPHONEOS_DEPLOYMENT_TARGET = 10.3;
				MTL_ENABLE_DEBUG_INFO = YES;
				ONLY_ACTIVE_ARCH = YES;
				SDKROOT = iphoneos;
				SWIFT_ACTIVE_COMPILATION_CONDITIONS = DEBUG;
				SWIFT_OPTIMIZATION_LEVEL = "-Onone";
				TARGETED_DEVICE_FAMILY = "1,2";
			};
			name = Debug;
		};
		66B6A3ED1F0699AA00B0CE47 /* Release */ = {
			isa = XCBuildConfiguration;
			buildSettings = {
				ALWAYS_SEARCH_USER_PATHS = NO;
				CLANG_ANALYZER_NONNULL = YES;
				CLANG_ANALYZER_NUMBER_OBJECT_CONVERSION = YES_AGGRESSIVE;
				CLANG_CXX_LANGUAGE_STANDARD = "gnu++0x";
				CLANG_CXX_LIBRARY = "libc++";
				CLANG_ENABLE_MODULES = YES;
				CLANG_ENABLE_OBJC_ARC = YES;
				CLANG_WARN_BOOL_CONVERSION = YES;
				CLANG_WARN_CONSTANT_CONVERSION = YES;
				CLANG_WARN_DIRECT_OBJC_ISA_USAGE = YES_ERROR;
				CLANG_WARN_DOCUMENTATION_COMMENTS = YES;
				CLANG_WARN_EMPTY_BODY = YES;
				CLANG_WARN_ENUM_CONVERSION = YES;
				CLANG_WARN_INFINITE_RECURSION = YES;
				CLANG_WARN_INT_CONVERSION = YES;
				CLANG_WARN_OBJC_ROOT_CLASS = YES_ERROR;
				CLANG_WARN_SUSPICIOUS_MOVE = YES;
				CLANG_WARN_UNREACHABLE_CODE = YES;
				CLANG_WARN__DUPLICATE_METHOD_MATCH = YES;
				"CODE_SIGN_IDENTITY[sdk=iphoneos*]" = "iPhone Developer";
				COPY_PHASE_STRIP = NO;
				DEBUG_INFORMATION_FORMAT = "dwarf-with-dsym";
				ENABLE_NS_ASSERTIONS = NO;
				ENABLE_STRICT_OBJC_MSGSEND = YES;
				GCC_C_LANGUAGE_STANDARD = gnu99;
				GCC_NO_COMMON_BLOCKS = YES;
				GCC_WARN_64_TO_32_BIT_CONVERSION = YES;
				GCC_WARN_ABOUT_RETURN_TYPE = YES_ERROR;
				GCC_WARN_UNDECLARED_SELECTOR = YES;
				GCC_WARN_UNINITIALIZED_AUTOS = YES_AGGRESSIVE;
				GCC_WARN_UNUSED_FUNCTION = YES;
				GCC_WARN_UNUSED_VARIABLE = YES;
				IPHONEOS_DEPLOYMENT_TARGET = 10.3;
				MTL_ENABLE_DEBUG_INFO = NO;
				SDKROOT = iphoneos;
				SWIFT_OPTIMIZATION_LEVEL = "-Owholemodule";
				TARGETED_DEVICE_FAMILY = "1,2";
				VALIDATE_PRODUCT = YES;
			};
			name = Release;
		};
		66B6A3EF1F0699AA00B0CE47 /* Debug */ = {
			isa = XCBuildConfiguration;
			buildSettings = {
				ASSETCATALOG_COMPILER_APPICON_NAME = AppIcon;
				DEVELOPMENT_TEAM = 9Z4ZJ5K368;
				INFOPLIST_FILE = JQProgressHUD/Info.plist;
				LD_RUNPATH_SEARCH_PATHS = "$(inherited) @executable_path/Frameworks";
				PRODUCT_BUNDLE_IDENTIFIER = com.gxysb.JQProgressHUD;
				PRODUCT_NAME = "$(TARGET_NAME)";
				SWIFT_VERSION = 3.0;
			};
			name = Debug;
		};
		66B6A3F01F0699AA00B0CE47 /* Release */ = {
			isa = XCBuildConfiguration;
			buildSettings = {
				ASSETCATALOG_COMPILER_APPICON_NAME = AppIcon;
				DEVELOPMENT_TEAM = 9Z4ZJ5K368;
				INFOPLIST_FILE = JQProgressHUD/Info.plist;
				LD_RUNPATH_SEARCH_PATHS = "$(inherited) @executable_path/Frameworks";
				PRODUCT_BUNDLE_IDENTIFIER = com.gxysb.JQProgressHUD;
				PRODUCT_NAME = "$(TARGET_NAME)";
				SWIFT_VERSION = 3.0;
			};
			name = Release;
		};
		66B6A3F21F0699AA00B0CE47 /* Debug */ = {
			isa = XCBuildConfiguration;
			buildSettings = {
				ALWAYS_EMBED_SWIFT_STANDARD_LIBRARIES = YES;
				BUNDLE_LOADER = "$(TEST_HOST)";
				INFOPLIST_FILE = JQProgressHUDTests/Info.plist;
				LD_RUNPATH_SEARCH_PATHS = "$(inherited) @executable_path/Frameworks @loader_path/Frameworks";
				PRODUCT_BUNDLE_IDENTIFIER = com.gxysb.JQProgressHUDTests;
				PRODUCT_NAME = "$(TARGET_NAME)";
				SWIFT_VERSION = 3.0;
				TEST_HOST = "$(BUILT_PRODUCTS_DIR)/JQProgressHUD.app/JQProgressHUD";
			};
			name = Debug;
		};
		66B6A3F31F0699AA00B0CE47 /* Release */ = {
			isa = XCBuildConfiguration;
			buildSettings = {
				ALWAYS_EMBED_SWIFT_STANDARD_LIBRARIES = YES;
				BUNDLE_LOADER = "$(TEST_HOST)";
				INFOPLIST_FILE = JQProgressHUDTests/Info.plist;
				LD_RUNPATH_SEARCH_PATHS = "$(inherited) @executable_path/Frameworks @loader_path/Frameworks";
				PRODUCT_BUNDLE_IDENTIFIER = com.gxysb.JQProgressHUDTests;
				PRODUCT_NAME = "$(TARGET_NAME)";
				SWIFT_VERSION = 3.0;
				TEST_HOST = "$(BUILT_PRODUCTS_DIR)/JQProgressHUD.app/JQProgressHUD";
			};
			name = Release;
		};
		66B6A3F51F0699AA00B0CE47 /* Debug */ = {
			isa = XCBuildConfiguration;
			buildSettings = {
				ALWAYS_EMBED_SWIFT_STANDARD_LIBRARIES = YES;
				INFOPLIST_FILE = JQProgressHUDUITests/Info.plist;
				LD_RUNPATH_SEARCH_PATHS = "$(inherited) @executable_path/Frameworks @loader_path/Frameworks";
				PRODUCT_BUNDLE_IDENTIFIER = com.gxysb.JQProgressHUDUITests;
				PRODUCT_NAME = "$(TARGET_NAME)";
				SWIFT_VERSION = 3.0;
				TEST_TARGET_NAME = JQProgressHUD;
			};
			name = Debug;
		};
		66B6A3F61F0699AA00B0CE47 /* Release */ = {
			isa = XCBuildConfiguration;
			buildSettings = {
				ALWAYS_EMBED_SWIFT_STANDARD_LIBRARIES = YES;
				INFOPLIST_FILE = JQProgressHUDUITests/Info.plist;
				LD_RUNPATH_SEARCH_PATHS = "$(inherited) @executable_path/Frameworks @loader_path/Frameworks";
				PRODUCT_BUNDLE_IDENTIFIER = com.gxysb.JQProgressHUDUITests;
				PRODUCT_NAME = "$(TARGET_NAME)";
				SWIFT_VERSION = 3.0;
				TEST_TARGET_NAME = JQProgressHUD;
			};
			name = Release;
		};
/* End XCBuildConfiguration section */

/* Begin XCConfigurationList section */
		66B6A3C11F0699AA00B0CE47 /* Build configuration list for PBXProject "JQProgressHUD" */ = {
			isa = XCConfigurationList;
			buildConfigurations = (
				66B6A3EC1F0699AA00B0CE47 /* Debug */,
				66B6A3ED1F0699AA00B0CE47 /* Release */,
			);
			defaultConfigurationIsVisible = 0;
			defaultConfigurationName = Release;
		};
		66B6A3EE1F0699AA00B0CE47 /* Build configuration list for PBXNativeTarget "JQProgressHUD" */ = {
			isa = XCConfigurationList;
			buildConfigurations = (
				66B6A3EF1F0699AA00B0CE47 /* Debug */,
				66B6A3F01F0699AA00B0CE47 /* Release */,
			);
			defaultConfigurationIsVisible = 0;
			defaultConfigurationName = Release;
		};
		66B6A3F11F0699AA00B0CE47 /* Build configuration list for PBXNativeTarget "JQProgressHUDTests" */ = {
			isa = XCConfigurationList;
			buildConfigurations = (
				66B6A3F21F0699AA00B0CE47 /* Debug */,
				66B6A3F31F0699AA00B0CE47 /* Release */,
			);
			defaultConfigurationIsVisible = 0;
			defaultConfigurationName = Release;
		};
		66B6A3F41F0699AA00B0CE47 /* Build configuration list for PBXNativeTarget "JQProgressHUDUITests" */ = {
			isa = XCConfigurationList;
			buildConfigurations = (
				66B6A3F51F0699AA00B0CE47 /* Debug */,
				66B6A3F61F0699AA00B0CE47 /* Release */,
			);
			defaultConfigurationIsVisible = 0;
			defaultConfigurationName = Release;
		};
/* End XCConfigurationList section */
	};
	rootObject = 66B6A3BE1F0699AA00B0CE47 /* Project object */;
}
